// !$*UTF8*$!
{
	archiveVersion = 1;
	classes = {
	};
	objectVersion = 55;
	objects = {

/* Begin PBXBuildFile section */
		6345BF8127A86DC9000C0CE7 /* AppDelegate.swift in Sources */ = {isa = PBXBuildFile; fileRef = 6345BF8027A86DC9000C0CE7 /* AppDelegate.swift */; };
		6345BF8327A86DC9000C0CE7 /* SceneDelegate.swift in Sources */ = {isa = PBXBuildFile; fileRef = 6345BF8227A86DC9000C0CE7 /* SceneDelegate.swift */; };
		6345BF8827A86DC9000C0CE7 /* Main.storyboard in Resources */ = {isa = PBXBuildFile; fileRef = 6345BF8627A86DC9000C0CE7 /* Main.storyboard */; };
		6345BF8A27A86DCC000C0CE7 /* Assets.xcassets in Resources */ = {isa = PBXBuildFile; fileRef = 6345BF8927A86DCC000C0CE7 /* Assets.xcassets */; };
		6345BF8D27A86DCC000C0CE7 /* LaunchScreen.storyboard in Resources */ = {isa = PBXBuildFile; fileRef = 6345BF8B27A86DCC000C0CE7 /* LaunchScreen.storyboard */; };
		6345BF9927A86FBC000C0CE7 /* OpenIssueViewController.swift in Sources */ = {isa = PBXBuildFile; fileRef = 6345BF9827A86FBC000C0CE7 /* OpenIssueViewController.swift */; };
		6345BF9B27A872D1000C0CE7 /* ClosedIssueViewController.swift in Sources */ = {isa = PBXBuildFile; fileRef = 6345BF9A27A872D1000C0CE7 /* ClosedIssueViewController.swift */; };
		6345BF9D27A8731D000C0CE7 /* GitHubClient.swift in Sources */ = {isa = PBXBuildFile; fileRef = 6345BF9C27A8731D000C0CE7 /* GitHubClient.swift */; };
		6345BF9F27A87399000C0CE7 /* IssueTableViewCell.swift in Sources */ = {isa = PBXBuildFile; fileRef = 6345BF9E27A87399000C0CE7 /* IssueTableViewCell.swift */; };
		638DAD9327A876E800776E6F /* IssueTableViewCell2.swift in Sources */ = {isa = PBXBuildFile; fileRef = 638DAD9227A876E800776E6F /* IssueTableViewCell2.swift */; };
		638DAD9B27A87DDF00776E6F /* IssueDetailViewController.swift in Sources */ = {isa = PBXBuildFile; fileRef = 638DAD9A27A87DDF00776E6F /* IssueDetailViewController.swift */; };
		638DAD9E27A8832400776E6F /* icon2.jpeg in Resources */ = {isa = PBXBuildFile; fileRef = 638DAD9C27A8832400776E6F /* icon2.jpeg */; };
		638DAD9F27A8832400776E6F /* icon.jpeg in Resources */ = {isa = PBXBuildFile; fileRef = 638DAD9D27A8832400776E6F /* icon.jpeg */; };
		638DADA527AA0F8000776E6F /* icon76.jpeg in Resources */ = {isa = PBXBuildFile; fileRef = 638DADA127AA0F8000776E6F /* icon76.jpeg */; };
		638DADA627AA0F8000776E6F /* icon1024.jpeg in Resources */ = {isa = PBXBuildFile; fileRef = 638DADA227AA0F8000776E6F /* icon1024.jpeg */; };
		638DADA727AA0F8000776E6F /* icon83.jpeg in Resources */ = {isa = PBXBuildFile; fileRef = 638DADA327AA0F8000776E6F /* icon83.jpeg */; };
		638DADA927AA102300776E6F /* icon60.jpeg in Resources */ = {isa = PBXBuildFile; fileRef = 638DADA827AA102300776E6F /* icon60.jpeg */; };
/* End PBXBuildFile section */

/* Begin PBXFileReference section */
		6345BF7D27A86DC9000C0CE7 /* homework3.app */ = {isa = PBXFileReference; explicitFileType = wrapper.application; includeInIndex = 0; path = homework3.app; sourceTree = BUILT_PRODUCTS_DIR; };
		6345BF8027A86DC9000C0CE7 /* AppDelegate.swift */ = {isa = PBXFileReference; lastKnownFileType = sourcecode.swift; path = AppDelegate.swift; sourceTree = "<group>"; };
		6345BF8227A86DC9000C0CE7 /* SceneDelegate.swift */ = {isa = PBXFileReference; lastKnownFileType = sourcecode.swift; path = SceneDelegate.swift; sourceTree = "<group>"; };
		6345BF8727A86DC9000C0CE7 /* Base */ = {isa = PBXFileReference; lastKnownFileType = file.storyboard; name = Base; path = Base.lproj/Main.storyboard; sourceTree = "<group>"; };
		6345BF8927A86DCC000C0CE7 /* Assets.xcassets */ = {isa = PBXFileReference; lastKnownFileType = folder.assetcatalog; path = Assets.xcassets; sourceTree = "<group>"; };
		6345BF8C27A86DCC000C0CE7 /* Base */ = {isa = PBXFileReference; lastKnownFileType = file.storyboard; name = Base; path = Base.lproj/LaunchScreen.storyboard; sourceTree = "<group>"; };
		6345BF8E27A86DCC000C0CE7 /* Info.plist */ = {isa = PBXFileReference; lastKnownFileType = text.plist.xml; path = Info.plist; sourceTree = "<group>"; };
		6345BF9827A86FBC000C0CE7 /* OpenIssueViewController.swift */ = {isa = PBXFileReference; lastKnownFileType = sourcecode.swift; path = OpenIssueViewController.swift; sourceTree = "<group>"; };
		6345BF9A27A872D1000C0CE7 /* ClosedIssueViewController.swift */ = {isa = PBXFileReference; lastKnownFileType = sourcecode.swift; path = ClosedIssueViewController.swift; sourceTree = "<group>"; };
		6345BF9C27A8731D000C0CE7 /* GitHubClient.swift */ = {isa = PBXFileReference; lastKnownFileType = sourcecode.swift; path = GitHubClient.swift; sourceTree = "<group>"; };
		6345BF9E27A87399000C0CE7 /* IssueTableViewCell.swift */ = {isa = PBXFileReference; lastKnownFileType = sourcecode.swift; path = IssueTableViewCell.swift; sourceTree = "<group>"; };
		638DAD9227A876E800776E6F /* IssueTableViewCell2.swift */ = {isa = PBXFileReference; lastKnownFileType = sourcecode.swift; path = IssueTableViewCell2.swift; sourceTree = "<group>"; };
		638DAD9A27A87DDF00776E6F /* IssueDetailViewController.swift */ = {isa = PBXFileReference; lastKnownFileType = sourcecode.swift; path = IssueDetailViewController.swift; sourceTree = "<group>"; };
		638DAD9C27A8832400776E6F /* icon2.jpeg */ = {isa = PBXFileReference; lastKnownFileType = image.jpeg; path = icon2.jpeg; sourceTree = "<group>"; };
		638DAD9D27A8832400776E6F /* icon.jpeg */ = {isa = PBXFileReference; lastKnownFileType = image.jpeg; path = icon.jpeg; sourceTree = "<group>"; };
		638DADA127AA0F8000776E6F /* icon76.jpeg */ = {isa = PBXFileReference; lastKnownFileType = image.jpeg; path = icon76.jpeg; sourceTree = "<group>"; };
		638DADA227AA0F8000776E6F /* icon1024.jpeg */ = {isa = PBXFileReference; lastKnownFileType = image.jpeg; path = icon1024.jpeg; sourceTree = "<group>"; };
		638DADA327AA0F8000776E6F /* icon83.jpeg */ = {isa = PBXFileReference; lastKnownFileType = image.jpeg; path = icon83.jpeg; sourceTree = "<group>"; };
		638DADA827AA102300776E6F /* icon60.jpeg */ = {isa = PBXFileReference; lastKnownFileType = image.jpeg; path = icon60.jpeg; sourceTree = "<group>"; };
/* End PBXFileReference section */

/* Begin PBXFrameworksBuildPhase section */
		6345BF7A27A86DC9000C0CE7 /* Frameworks */ = {
			isa = PBXFrameworksBuildPhase;
			buildActionMask = 2147483647;
			files = (
			);
			runOnlyForDeploymentPostprocessing = 0;
		};
/* End PBXFrameworksBuildPhase section */

/* Begin PBXGroup section */
		6345BF7427A86DC9000C0CE7 = {
			isa = PBXGroup;
			children = (
				6345BF7F27A86DC9000C0CE7 /* homework3 */,
				6345BF7E27A86DC9000C0CE7 /* Products */,
			);
			sourceTree = "<group>";
		};
		6345BF7E27A86DC9000C0CE7 /* Products */ = {
			isa = PBXGroup;
			children = (
				6345BF7D27A86DC9000C0CE7 /* homework3.app */,
			);
			name = Products;
			sourceTree = "<group>";
		};
		6345BF7F27A86DC9000C0CE7 /* homework3 */ = {
			isa = PBXGroup;
			children = (
				6345BF8027A86DC9000C0CE7 /* AppDelegate.swift */,
				6345BF8227A86DC9000C0CE7 /* SceneDelegate.swift */,
				6345BF8627A86DC9000C0CE7 /* Main.storyboard */,
				638DAD9A27A87DDF00776E6F /* IssueDetailViewController.swift */,
				638DAD9227A876E800776E6F /* IssueTableViewCell2.swift */,
				6345BF9C27A8731D000C0CE7 /* GitHubClient.swift */,
				6345BF9A27A872D1000C0CE7 /* ClosedIssueViewController.swift */,
				6345BF9827A86FBC000C0CE7 /* OpenIssueViewController.swift */,
				6345BF9E27A87399000C0CE7 /* IssueTableViewCell.swift */,
				6345BF8927A86DCC000C0CE7 /* Assets.xcassets */,
				6345BF8B27A86DCC000C0CE7 /* LaunchScreen.storyboard */,
				6345BF8E27A86DCC000C0CE7 /* Info.plist */,
				638DAD9D27A8832400776E6F /* icon.jpeg */,
				638DADA127AA0F8000776E6F /* icon76.jpeg */,
				638DADA327AA0F8000776E6F /* icon83.jpeg */,
				638DADA227AA0F8000776E6F /* icon1024.jpeg */,
				638DAD9C27A8832400776E6F /* icon2.jpeg */,
				638DADA827AA102300776E6F /* icon60.jpeg */,
			);
			path = homework3;
			sourceTree = "<group>";
		};
/* End PBXGroup section */

/* Begin PBXNativeTarget section */
		6345BF7C27A86DC9000C0CE7 /* homework3 */ = {
			isa = PBXNativeTarget;
			buildConfigurationList = 6345BF9127A86DCC000C0CE7 /* Build configuration list for PBXNativeTarget "homework3" */;
			buildPhases = (
				6345BF7927A86DC9000C0CE7 /* Sources */,
				6345BF7A27A86DC9000C0CE7 /* Frameworks */,
				6345BF7B27A86DC9000C0CE7 /* Resources */,
			);
			buildRules = (
			);
			dependencies = (
			);
			name = homework3;
			productName = homework3;
			productReference = 6345BF7D27A86DC9000C0CE7 /* homework3.app */;
			productType = "com.apple.product-type.application";
		};
/* End PBXNativeTarget section */

/* Begin PBXProject section */
		6345BF7527A86DC9000C0CE7 /* Project object */ = {
			isa = PBXProject;
			attributes = {
				BuildIndependentTargetsInParallel = 1;
				LastSwiftUpdateCheck = 1320;
				LastUpgradeCheck = 1320;
				TargetAttributes = {
					6345BF7C27A86DC9000C0CE7 = {
						CreatedOnToolsVersion = 13.2.1;
					};
				};
			};
			buildConfigurationList = 6345BF7827A86DC9000C0CE7 /* Build configuration list for PBXProject "homework3" */;
			compatibilityVersion = "Xcode 13.0";
			developmentRegion = en;
			hasScannedForEncodings = 0;
			knownRegions = (
				en,
				Base,
			);
			mainGroup = 6345BF7427A86DC9000C0CE7;
			productRefGroup = 6345BF7E27A86DC9000C0CE7 /* Products */;
			projectDirPath = "";
			projectRoot = "";
			targets = (
				6345BF7C27A86DC9000C0CE7 /* homework3 */,
			);
		};
/* End PBXProject section */

/* Begin PBXResourcesBuildPhase section */
		6345BF7B27A86DC9000C0CE7 /* Resources */ = {
			isa = PBXResourcesBuildPhase;
			buildActionMask = 2147483647;
			files = (
				638DAD9F27A8832400776E6F /* icon.jpeg in Resources */,
				638DADA627AA0F8000776E6F /* icon1024.jpeg in Resources */,
				638DADA927AA102300776E6F /* icon60.jpeg in Resources */,
				6345BF8D27A86DCC000C0CE7 /* LaunchScreen.storyboard in Resources */,
				638DADA527AA0F8000776E6F /* icon76.jpeg in Resources */,
				638DADA727AA0F8000776E6F /* icon83.jpeg in Resources */,
				638DAD9E27A8832400776E6F /* icon2.jpeg in Resources */,
				6345BF8A27A86DCC000C0CE7 /* Assets.xcassets in Resources */,
				6345BF8827A86DC9000C0CE7 /* Main.storyboard in Resources */,
			);
			runOnlyForDeploymentPostprocessing = 0;
		};
/* End PBXResourcesBuildPhase section */

/* Begin PBXSourcesBuildPhase section */
		6345BF7927A86DC9000C0CE7 /* Sources */ = {
			isa = PBXSourcesBuildPhase;
			buildActionMask = 2147483647;
			files = (
				6345BF9D27A8731D000C0CE7 /* GitHubClient.swift in Sources */,
				6345BF9B27A872D1000C0CE7 /* ClosedIssueViewController.swift in Sources */,
				638DAD9327A876E800776E6F /* IssueTableViewCell2.swift in Sources */,
				6345BF8127A86DC9000C0CE7 /* AppDelegate.swift in Sources */,
				6345BF9F27A87399000C0CE7 /* IssueTableViewCell.swift in Sources */,
				638DAD9B27A87DDF00776E6F /* IssueDetailViewController.swift in Sources */,
				6345BF8327A86DC9000C0CE7 /* SceneDelegate.swift in Sources */,
				6345BF9927A86FBC000C0CE7 /* OpenIssueViewController.swift in Sources */,
			);
			runOnlyForDeploymentPostprocessing = 0;
		};
/* End PBXSourcesBuildPhase section */

/* Begin PBXVariantGroup section */
		6345BF8627A86DC9000C0CE7 /* Main.storyboard */ = {
			isa = PBXVariantGroup;
			children = (
				6345BF8727A86DC9000C0CE7 /* Base */,
			);
			name = Main.storyboard;
			sourceTree = "<group>";
		};
		6345BF8B27A86DCC000C0CE7 /* LaunchScreen.storyboard */ = {
			isa = PBXVariantGroup;
			children = (
				6345BF8C27A86DCC000C0CE7 /* Base */,
			);
			name = LaunchScreen.storyboard;
			sourceTree = "<group>";
		};
/* End PBXVariantGroup section */

/* Begin XCBuildConfiguration section */
		6345BF8F27A86DCC000C0CE7 /* Debug */ = {
			isa = XCBuildConfiguration;
			buildSettings = {
				ALWAYS_SEARCH_USER_PATHS = NO;
				CLANG_ANALYZER_NONNULL = YES;
				CLANG_ANALYZER_NUMBER_OBJECT_CONVERSION = YES_AGGRESSIVE;
				CLANG_CXX_LANGUAGE_STANDARD = "gnu++17";
				CLANG_CXX_LIBRARY = "libc++";
				CLANG_ENABLE_MODULES = YES;
				CLANG_ENABLE_OBJC_ARC = YES;
				CLANG_ENABLE_OBJC_WEAK = YES;
				CLANG_WARN_BLOCK_CAPTURE_AUTORELEASING = YES;
				CLANG_WARN_BOOL_CONVERSION = YES;
				CLANG_WARN_COMMA = YES;
				CLANG_WARN_CONSTANT_CONVERSION = YES;
				CLANG_WARN_DEPRECATED_OBJC_IMPLEMENTATIONS = YES;
				CLANG_WARN_DIRECT_OBJC_ISA_USAGE = YES_ERROR;
				CLANG_WARN_DOCUMENTATION_COMMENTS = YES;
				CLANG_WARN_EMPTY_BODY = YES;
				CLANG_WARN_ENUM_CONVERSION = YES;
				CLANG_WARN_INFINITE_RECURSION = YES;
				CLANG_WARN_INT_CONVERSION = YES;
				CLANG_WARN_NON_LITERAL_NULL_CONVERSION = YES;
				CLANG_WARN_OBJC_IMPLICIT_RETAIN_SELF = YES;
				CLANG_WARN_OBJC_LITERAL_CONVERSION = YES;
				CLANG_WARN_OBJC_ROOT_CLASS = YES_ERROR;
				CLANG_WARN_QUOTED_INCLUDE_IN_FRAMEWORK_HEADER = YES;
				CLANG_WARN_RANGE_LOOP_ANALYSIS = YES;
				CLANG_WARN_STRICT_PROTOTYPES = YES;
				CLANG_WARN_SUSPICIOUS_MOVE = YES;
				CLANG_WARN_UNGUARDED_AVAILABILITY = YES_AGGRESSIVE;
				CLANG_WARN_UNREACHABLE_CODE = YES;
				CLANG_WARN__DUPLICATE_METHOD_MATCH = YES;
				COPY_PHASE_STRIP = NO;
				DEBUG_INFORMATION_FORMAT = dwarf;
				ENABLE_STRICT_OBJC_MSGSEND = YES;
				ENABLE_TESTABILITY = YES;
				GCC_C_LANGUAGE_STANDARD = gnu11;
				GCC_DYNAMIC_NO_PIC = NO;
				GCC_NO_COMMON_BLOCKS = YES;
				GCC_OPTIMIZATION_LEVEL = 0;
				GCC_PREPROCESSOR_DEFINITIONS = (
					"DEBUG=1",
					"$(inherited)",
				);
				GCC_WARN_64_TO_32_BIT_CONVERSION = YES;
				GCC_WARN_ABOUT_RETURN_TYPE = YES_ERROR;
				GCC_WARN_UNDECLARED_SELECTOR = YES;
				GCC_WARN_UNINITIALIZED_AUTOS = YES_AGGRESSIVE;
				GCC_WARN_UNUSED_FUNCTION = YES;
				GCC_WARN_UNUSED_VARIABLE = YES;
				IPHONEOS_DEPLOYMENT_TARGET = 15.2;
				MTL_ENABLE_DEBUG_INFO = INCLUDE_SOURCE;
				MTL_FAST_MATH = YES;
				ONLY_ACTIVE_ARCH = YES;
				SDKROOT = iphoneos;
				SWIFT_ACTIVE_COMPILATION_CONDITIONS = DEBUG;
				SWIFT_OPTIMIZATION_LEVEL = "-Onone";
			};
			name = Debug;
		};
		6345BF9027A86DCC000C0CE7 /* Release */ = {
			isa = XCBuildConfiguration;
			buildSettings = {
				ALWAYS_SEARCH_USER_PATHS = NO;
				CLANG_ANALYZER_NONNULL = YES;
				CLANG_ANALYZER_NUMBER_OBJECT_CONVERSION = YES_AGGRESSIVE;
				CLANG_CXX_LANGUAGE_STANDARD = "gnu++17";
				CLANG_CXX_LIBRARY = "libc++";
				CLANG_ENABLE_MODULES = YES;
				CLANG_ENABLE_OBJC_ARC = YES;
				CLANG_ENABLE_OBJC_WEAK = YES;
				CLANG_WARN_BLOCK_CAPTURE_AUTORELEASING = YES;
				CLANG_WARN_BOOL_CONVERSION = YES;
				CLANG_WARN_COMMA = YES;
				CLANG_WARN_CONSTANT_CONVERSION = YES;
				CLANG_WARN_DEPRECATED_OBJC_IMPLEMENTATIONS = YES;
				CLANG_WARN_DIRECT_OBJC_ISA_USAGE = YES_ERROR;
				CLANG_WARN_DOCUMENTATION_COMMENTS = YES;
				CLANG_WARN_EMPTY_BODY = YES;
				CLANG_WARN_ENUM_CONVERSION = YES;
				CLANG_WARN_INFINITE_RECURSION = YES;
				CLANG_WARN_INT_CONVERSION = YES;
				CLANG_WARN_NON_LITERAL_NULL_CONVERSION = YES;
				CLANG_WARN_OBJC_IMPLICIT_RETAIN_SELF = YES;
				CLANG_WARN_OBJC_LITERAL_CONVERSION = YES;
				CLANG_WARN_OBJC_ROOT_CLASS = YES_ERROR;
				CLANG_WARN_QUOTED_INCLUDE_IN_FRAMEWORK_HEADER = YES;
				CLANG_WARN_RANGE_LOOP_ANALYSIS = YES;
				CLANG_WARN_STRICT_PROTOTYPES = YES;
				CLANG_WARN_SUSPICIOUS_MOVE = YES;
				CLANG_WARN_UNGUARDED_AVAILABILITY = YES_AGGRESSIVE;
				CLANG_WARN_UNREACHABLE_CODE = YES;
				CLANG_WARN__DUPLICATE_METHOD_MATCH = YES;
				COPY_PHASE_STRIP = NO;
				DEBUG_INFORMATION_FORMAT = "dwarf-with-dsym";
				ENABLE_NS_ASSERTIONS = NO;
				ENABLE_STRICT_OBJC_MSGSEND = YES;
				GCC_C_LANGUAGE_STANDARD = gnu11;
				GCC_NO_COMMON_BLOCKS = YES;
				GCC_WARN_64_TO_32_BIT_CONVERSION = YES;
				GCC_WARN_ABOUT_RETURN_TYPE = YES_ERROR;
				GCC_WARN_UNDECLARED_SELECTOR = YES;
				GCC_WARN_UNINITIALIZED_AUTOS = YES_AGGRESSIVE;
				GCC_WARN_UNUSED_FUNCTION = YES;
				GCC_WARN_UNUSED_VARIABLE = YES;
				IPHONEOS_DEPLOYMENT_TARGET = 15.2;
				MTL_ENABLE_DEBUG_INFO = NO;
				MTL_FAST_MATH = YES;
				SDKROOT = iphoneos;
				SWIFT_COMPILATION_MODE = wholemodule;
				SWIFT_OPTIMIZATION_LEVEL = "-O";
				VALIDATE_PRODUCT = YES;
			};
			name = Release;
		};
		6345BF9227A86DCC000C0CE7 /* Debug */ = {
			isa = XCBuildConfiguration;
			buildSettings = {
				ASSETCATALOG_COMPILER_APPICON_NAME = AppIcon;
				ASSETCATALOG_COMPILER_GLOBAL_ACCENT_COLOR_NAME = AccentColor;
				CODE_SIGN_STYLE = Automatic;
				CURRENT_PROJECT_VERSION = 1;
				DEVELOPMENT_TEAM = TNBLDG4855;
				GENERATE_INFOPLIST_FILE = YES;
				INFOPLIST_FILE = homework3/Info.plist;
				INFOPLIST_KEY_UIApplicationSupportsIndirectInputEvents = YES;
				INFOPLIST_KEY_UILaunchStoryboardName = LaunchScreen;
				INFOPLIST_KEY_UIMainStoryboardFile = Main;
				INFOPLIST_KEY_UISupportedInterfaceOrientations = UIInterfaceOrientationPortrait;
				INFOPLIST_KEY_UISupportedInterfaceOrientations_iPad = "UIInterfaceOrientationPortrait UIInterfaceOrientationPortraitUpsideDown UIInterfaceOrientationLandscapeLeft UIInterfaceOrientationLandscapeRight";
				INFOPLIST_KEY_UISupportedInterfaceOrientations_iPhone = "UIInterfaceOrientationPortrait UIInterfaceOrientationLandscapeLeft UIInterfaceOrientationLandscapeRight";
				LD_RUNPATH_SEARCH_PATHS = (
					"$(inherited)",
					"@executable_path/Frameworks",
				);
				MARKETING_VERSION = 1.0;
				PRODUCT_BUNDLE_IDENTIFIER = zhouyue.homework3;
				PRODUCT_NAME = "$(TARGET_NAME)";
				SWIFT_EMIT_LOC_STRINGS = YES;
				SWIFT_VERSION = 5.0;
				TARGETED_DEVICE_FAMILY = 1;
			};
			name = Debug;
		};
		6345BF9327A86DCC000C0CE7 /* Release */ = {
			isa = XCBuildConfiguration;
			buildSettings = {
				ASSETCATALOG_COMPILER_APPICON_NAME = AppIcon;
				ASSETCATALOG_COMPILER_GLOBAL_ACCENT_COLOR_NAME = AccentColor;
				CODE_SIGN_STYLE = Automatic;
				CURRENT_PROJECT_VERSION = 1;
				DEVELOPMENT_TEAM = TNBLDG4855;
				GENERATE_INFOPLIST_FILE = YES;
				INFOPLIST_FILE = homework3/Info.plist;
				INFOPLIST_KEY_UIApplicationSupportsIndirectInputEvents = YES;
				INFOPLIST_KEY_UILaunchStoryboardName = LaunchScreen;
				INFOPLIST_KEY_UIMainStoryboardFile = Main;
				INFOPLIST_KEY_UISupportedInterfaceOrientations = UIInterfaceOrientationPortrait;
				INFOPLIST_KEY_UISupportedInterfaceOrientations_iPad = "UIInterfaceOrientationPortrait UIInterfaceOrientationPortraitUpsideDown UIInterfaceOrientationLandscapeLeft UIInterfaceOrientationLandscapeRight";
				INFOPLIST_KEY_UISupportedInterfaceOrientations_iPhone = "UIInterfaceOrientationPortrait UIInterfaceOrientationLandscapeLeft UIInterfaceOrientationLandscapeRight";
				LD_RUNPATH_SEARCH_PATHS = (
					"$(inherited)",
					"@executable_path/Frameworks",
				);
				MARKETING_VERSION = 1.0;
				PRODUCT_BUNDLE_IDENTIFIER = zhouyue.homework3;
				PRODUCT_NAME = "$(TARGET_NAME)";
				SWIFT_EMIT_LOC_STRINGS = YES;
				SWIFT_VERSION = 5.0;
				TARGETED_DEVICE_FAMILY = 1;
			};
			name = Release;
		};
/* End XCBuildConfiguration section */

/* Begin XCConfigurationList section */
		6345BF7827A86DC9000C0CE7 /* Build configuration list for PBXProject "homework3" */ = {
			isa = XCConfigurationList;
			buildConfigurations = (
				6345BF8F27A86DCC000C0CE7 /* Debug */,
				6345BF9027A86DCC000C0CE7 /* Release */,
			);
			defaultConfigurationIsVisible = 0;
			defaultConfigurationName = Release;
		};
		6345BF9127A86DCC000C0CE7 /* Build configuration list for PBXNativeTarget "homework3" */ = {
			isa = XCConfigurationList;
			buildConfigurations = (
				6345BF9227A86DCC000C0CE7 /* Debug */,
				6345BF9327A86DCC000C0CE7 /* Release */,
			);
			defaultConfigurationIsVisible = 0;
			defaultConfigurationName = Release;
		};
/* End XCConfigurationList section */
	};
	rootObject = 6345BF7527A86DC9000C0CE7 /* Project object */;
}
